
Microsoft Visual Studio Solution File, Format Version 12.00
# Visual Studio Version 17
VisualStudioVersion = 17.5.002.0
MinimumVisualStudioVersion = 10.0.40219.1
Project("{9A19103F-16F7-4668-BE54-9A1E7A4F7556}") = "BlazorFrontEnd", "BlazorFrontEnd\BlazorFrontEnd.csproj", "{8C078FD0-16E2-4448-8186-B05B89E8B901}"
EndProject
Project("{FAE04EC0-301F-11D3-BF4B-00C04F79EFBC}") = "ActorTests", "ActorTests\ActorTests.csproj", "{132BE6B7-006A-4F53-945F-4177850D5F4D}"
EndProject
Project("{FAE04EC0-301F-11D3-BF4B-00C04F79EFBC}") = "Asteroids.Shared", "Asteroids.Shared\Asteroids.Shared.csproj", "{8E947276-9938-43F8-8AD5-43356CB5C925}"
EndProject
Project("{FAE04EC0-301F-11D3-BF4B-00C04F79EFBC}") = "Websocket", "Websocket\Websocket.csproj", "{81B79F80-F373-4C5F-B2D0-6491C00F0C02}"
EndProject
Project("{FAE04EC0-301F-11D3-BF4B-00C04F79EFBC}") = "Cluster", "Cluster\Cluster.csproj", "{DD55AF42-4BAA-411C-BE02-41027AB70BE1}"
EndProject
Project("{2150E333-8FDC-42A3-9474-1A3956D46DE8}") = "Raft", "Raft", "{A3C726CE-7C52-475B-89BF-45E991BB57E2}"
EndProject
Project("{FAE04EC0-301F-11D3-BF4B-00C04F79EFBC}") = "Gateway", "Raft\Gateway\Gateway.csproj", "{6837CE17-3CD1-43E2-AB6F-435FE6A4F16E}"
EndProject
Project("{FAE04EC0-301F-11D3-BF4B-00C04F79EFBC}") = "Node", "Raft\Node\Node.csproj", "{053B0FE4-7D55-4142-964F-194200C70DDF}"
EndProject
Project("{FAE04EC0-301F-11D3-BF4B-00C04F79EFBC}") = "Raft", "Raft\Raft\Raft.csproj", "{453F5C85-A59B-4794-A5EE-97D88BFA18D8}"
EndProject
Project("{FAE04EC0-301F-11D3-BF4B-00C04F79EFBC}") = "Raft.Shared", "Raft\Raft.Shared\Raft.Shared.csproj", "{CFCF47BE-BC8F-4321-A8D1-4282AAF5A8C5}"
EndProject
Project("{FAE04EC0-301F-11D3-BF4B-00C04F79EFBC}") = "Raft.Tests", "Raft\Raft.Tests\Raft.Tests.csproj", "{F4D932CE-5A3A-4C1A-A9D5-2DCA4D7D9B49}"
EndProject
Global
	GlobalSection(SolutionConfigurationPlatforms) = preSolution
		Debug|Any CPU = Debug|Any CPU
		Release|Any CPU = Release|Any CPU
	EndGlobalSection
	GlobalSection(ProjectConfigurationPlatforms) = postSolution
		{8C078FD0-16E2-4448-8186-B05B89E8B901}.Debug|Any CPU.ActiveCfg = Debug|Any CPU
		{8C078FD0-16E2-4448-8186-B05B89E8B901}.Debug|Any CPU.Build.0 = Debug|Any CPU
		{8C078FD0-16E2-4448-8186-B05B89E8B901}.Release|Any CPU.ActiveCfg = Release|Any CPU
		{8C078FD0-16E2-4448-8186-B05B89E8B901}.Release|Any CPU.Build.0 = Release|Any CPU
		{4522A52B-21A6-4C49-A494-4458E8B0458C}.Debug|Any CPU.ActiveCfg = Debug|Any CPU
		{4522A52B-21A6-4C49-A494-4458E8B0458C}.Debug|Any CPU.Build.0 = Debug|Any CPU
		{4522A52B-21A6-4C49-A494-4458E8B0458C}.Release|Any CPU.ActiveCfg = Release|Any CPU
		{4522A52B-21A6-4C49-A494-4458E8B0458C}.Release|Any CPU.Build.0 = Release|Any CPU
		{132BE6B7-006A-4F53-945F-4177850D5F4D}.Debug|Any CPU.ActiveCfg = Debug|Any CPU
		{132BE6B7-006A-4F53-945F-4177850D5F4D}.Debug|Any CPU.Build.0 = Debug|Any CPU
		{132BE6B7-006A-4F53-945F-4177850D5F4D}.Release|Any CPU.ActiveCfg = Release|Any CPU
		{132BE6B7-006A-4F53-945F-4177850D5F4D}.Release|Any CPU.Build.0 = Release|Any CPU
		{8E947276-9938-43F8-8AD5-43356CB5C925}.Debug|Any CPU.ActiveCfg = Debug|Any CPU
		{8E947276-9938-43F8-8AD5-43356CB5C925}.Debug|Any CPU.Build.0 = Debug|Any CPU
		{8E947276-9938-43F8-8AD5-43356CB5C925}.Release|Any CPU.ActiveCfg = Release|Any CPU
		{8E947276-9938-43F8-8AD5-43356CB5C925}.Release|Any CPU.Build.0 = Release|Any CPU
		{81B79F80-F373-4C5F-B2D0-6491C00F0C02}.Debug|Any CPU.ActiveCfg = Debug|Any CPU
		{81B79F80-F373-4C5F-B2D0-6491C00F0C02}.Debug|Any CPU.Build.0 = Debug|Any CPU
		{81B79F80-F373-4C5F-B2D0-6491C00F0C02}.Release|Any CPU.ActiveCfg = Release|Any CPU
		{81B79F80-F373-4C5F-B2D0-6491C00F0C02}.Release|Any CPU.Build.0 = Release|Any CPU
		{DD55AF42-4BAA-411C-BE02-41027AB70BE1}.Debug|Any CPU.ActiveCfg = Debug|Any CPU
		{DD55AF42-4BAA-411C-BE02-41027AB70BE1}.Debug|Any CPU.Build.0 = Debug|Any CPU
		{DD55AF42-4BAA-411C-BE02-41027AB70BE1}.Release|Any CPU.ActiveCfg = Release|Any CPU
		{DD55AF42-4BAA-411C-BE02-41027AB70BE1}.Release|Any CPU.Build.0 = Release|Any CPU
		{6837CE17-3CD1-43E2-AB6F-435FE6A4F16E}.Debug|Any CPU.ActiveCfg = Debug|Any CPU
		{6837CE17-3CD1-43E2-AB6F-435FE6A4F16E}.Debug|Any CPU.Build.0 = Debug|Any CPU
		{6837CE17-3CD1-43E2-AB6F-435FE6A4F16E}.Release|Any CPU.ActiveCfg = Release|Any CPU
		{6837CE17-3CD1-43E2-AB6F-435FE6A4F16E}.Release|Any CPU.Build.0 = Release|Any CPU
		{053B0FE4-7D55-4142-964F-194200C70DDF}.Debug|Any CPU.ActiveCfg = Debug|Any CPU
		{053B0FE4-7D55-4142-964F-194200C70DDF}.Debug|Any CPU.Build.0 = Debug|Any CPU
		{053B0FE4-7D55-4142-964F-194200C70DDF}.Release|Any CPU.ActiveCfg = Release|Any CPU
		{053B0FE4-7D55-4142-964F-194200C70DDF}.Release|Any CPU.Build.0 = Release|Any CPU
		{453F5C85-A59B-4794-A5EE-97D88BFA18D8}.Debug|Any CPU.ActiveCfg = Debug|Any CPU
		{453F5C85-A59B-4794-A5EE-97D88BFA18D8}.Debug|Any CPU.Build.0 = Debug|Any CPU
		{453F5C85-A59B-4794-A5EE-97D88BFA18D8}.Release|Any CPU.ActiveCfg = Release|Any CPU
		{453F5C85-A59B-4794-A5EE-97D88BFA18D8}.Release|Any CPU.Build.0 = Release|Any CPU
		{CFCF47BE-BC8F-4321-A8D1-4282AAF5A8C5}.Debug|Any CPU.ActiveCfg = Debug|Any CPU
		{CFCF47BE-BC8F-4321-A8D1-4282AAF5A8C5}.Debug|Any CPU.Build.0 = Debug|Any CPU
		{CFCF47BE-BC8F-4321-A8D1-4282AAF5A8C5}.Release|Any CPU.ActiveCfg = Release|Any CPU
		{CFCF47BE-BC8F-4321-A8D1-4282AAF5A8C5}.Release|Any CPU.Build.0 = Release|Any CPU
		{F4D932CE-5A3A-4C1A-A9D5-2DCA4D7D9B49}.Debug|Any CPU.ActiveCfg = Debug|Any CPU
		{F4D932CE-5A3A-4C1A-A9D5-2DCA4D7D9B49}.Debug|Any CPU.Build.0 = Debug|Any CPU
		{F4D932CE-5A3A-4C1A-A9D5-2DCA4D7D9B49}.Release|Any CPU.ActiveCfg = Release|Any CPU
		{F4D932CE-5A3A-4C1A-A9D5-2DCA4D7D9B49}.Release|Any CPU.Build.0 = Release|Any CPU
	EndGlobalSection
	GlobalSection(SolutionProperties) = preSolution
		HideSolutionNode = FALSE
	EndGlobalSection
	GlobalSection(ExtensibilityGlobals) = postSolution
		SolutionGuid = {65345934-9E07-47E9-B706-528E388C8D62}
	EndGlobalSection
	GlobalSection(NestedProjects) = preSolution
		{6837CE17-3CD1-43E2-AB6F-435FE6A4F16E} = {A3C726CE-7C52-475B-89BF-45E991BB57E2}
		{053B0FE4-7D55-4142-964F-194200C70DDF} = {A3C726CE-7C52-475B-89BF-45E991BB57E2}
		{453F5C85-A59B-4794-A5EE-97D88BFA18D8} = {A3C726CE-7C52-475B-89BF-45E991BB57E2}
		{CFCF47BE-BC8F-4321-A8D1-4282AAF5A8C5} = {A3C726CE-7C52-475B-89BF-45E991BB57E2}
		{F4D932CE-5A3A-4C1A-A9D5-2DCA4D7D9B49} = {A3C726CE-7C52-475B-89BF-45E991BB57E2}
	EndGlobalSection
EndGlobal
